
Microsoft Visual Studio Solution File, Format Version 9.00
# Visual Studio 2005
Project("{8BC9CEB8-8B4A-11D0-8D11-00A0C91BC942}") = "CAM", "CAM\CAM.vcproj", "{C66D23D0-BBAE-4AC2-B328-8EE893890C34}"
EndProject
Project("{8BC9CEB8-8B4A-11D0-8D11-00A0C91BC942}") = "CAMClient", "CAMClient\CAMClient.vcproj", "{FF84D5B5-7C96-4806-9B22-B46D872E11B4}"
	ProjectSection(ProjectDependencies) = postProject
		{FEC101A2-D59E-4B34-BCF3-2A58AE6F8A49} = {FEC101A2-D59E-4B34-BCF3-2A58AE6F8A49}
	EndProjectSection
EndProject
Project("{8BC9CEB8-8B4A-11D0-8D11-00A0C91BC942}") = "CAMServer", "CAMServer\CAMServer.vcproj", "{E631450B-164B-42CB-9B2D-F93F2383EBDD}"
	ProjectSection(ProjectDependencies) = postProject
		{FEC101A2-D59E-4B34-BCF3-2A58AE6F8A49} = {FEC101A2-D59E-4B34-BCF3-2A58AE6F8A49}
	EndProjectSection
EndProject
Project("{8BC9CEB8-8B4A-11D0-8D11-00A0C91BC942}") = "CAMIdl", "CAMIdl\CAMIdl.vcproj", "{FEC101A2-D59E-4B34-BCF3-2A58AE6F8A49}"
EndProject
Project("{54435603-DBB4-11D2-8724-00A0C9A8B90C}") = "CAMInstaller", "CAMInstaller\CAMInstaller.vdproj", "{4C78E9D1-8283-42F7-8A0D-5BCE65872515}"
EndProject
Project("{8BC9CEB8-8B4A-11D0-8D11-00A0C91BC942}") = "CAMConfigure", "CAMConfigure\CAMConfigure.vcproj", "{E1FC8AFF-3426-4BA5-9293-F367AC5F97F7}"
EndProject
Project("{8BC9CEB8-8B4A-11D0-8D11-00A0C91BC942}") = "CamClientTest", "CamClientTest\CamClientTest.vcproj", "{8BCF8A32-2D46-4732-A1A0-2B18C1DEECC3}"
EndProject
Project("{8BC9CEB8-8B4A-11D0-8D11-00A0C91BC942}") = "CamServerTest", "CamServerTest\CamServerTest.vcproj", "{07CE7FAA-0E85-4462-B474-E6D8A993F776}"
EndProject
Global
	GlobalSection(SolutionConfigurationPlatforms) = preSolution
		Debug|Win32 = Debug|Win32
		Release|Win32 = Release|Win32
	EndGlobalSection
	GlobalSection(ProjectConfigurationPlatforms) = postSolution
		{C66D23D0-BBAE-4AC2-B328-8EE893890C34}.Debug|Win32.ActiveCfg = Debug|Win32
		{C66D23D0-BBAE-4AC2-B328-8EE893890C34}.Debug|Win32.Build.0 = Debug|Win32
		{C66D23D0-BBAE-4AC2-B328-8EE893890C34}.Release|Win32.ActiveCfg = Release|Win32
		{C66D23D0-BBAE-4AC2-B328-8EE893890C34}.Release|Win32.Build.0 = Release|Win32
		{FF84D5B5-7C96-4806-9B22-B46D872E11B4}.Debug|Win32.ActiveCfg = Debug|Win32
		{FF84D5B5-7C96-4806-9B22-B46D872E11B4}.Debug|Win32.Build.0 = Debug|Win32
		{FF84D5B5-7C96-4806-9B22-B46D872E11B4}.Release|Win32.ActiveCfg = Release|Win32
		{FF84D5B5-7C96-4806-9B22-B46D872E11B4}.Release|Win32.Build.0 = Release|Win32
		{E631450B-164B-42CB-9B2D-F93F2383EBDD}.Debug|Win32.ActiveCfg = Debug|Win32
		{E631450B-164B-42CB-9B2D-F93F2383EBDD}.Debug|Win32.Build.0 = Debug|Win32
		{E631450B-164B-42CB-9B2D-F93F2383EBDD}.Release|Win32.ActiveCfg = Release|Win32
		{E631450B-164B-42CB-9B2D-F93F2383EBDD}.Release|Win32.Build.0 = Release|Win32
		{FEC101A2-D59E-4B34-BCF3-2A58AE6F8A49}.Debug|Win32.ActiveCfg = Debug|Win32
		{FEC101A2-D59E-4B34-BCF3-2A58AE6F8A49}.Debug|Win32.Build.0 = Debug|Win32
		{FEC101A2-D59E-4B34-BCF3-2A58AE6F8A49}.Release|Win32.ActiveCfg = Release|Win32
		{FEC101A2-D59E-4B34-BCF3-2A58AE6F8A49}.Release|Win32.Build.0 = Release|Win32
		{4C78E9D1-8283-42F7-8A0D-5BCE65872515}.Debug|Win32.ActiveCfg = Debug
		{4C78E9D1-8283-42F7-8A0D-5BCE65872515}.Release|Win32.ActiveCfg = Release
		{E1FC8AFF-3426-4BA5-9293-F367AC5F97F7}.Debug|Win32.ActiveCfg = Debug|Win32
		{E1FC8AFF-3426-4BA5-9293-F367AC5F97F7}.Debug|Win32.Build.0 = Debug|Win32
		{E1FC8AFF-3426-4BA5-9293-F367AC5F97F7}.Release|Win32.ActiveCfg = Release|Win32
		{E1FC8AFF-3426-4BA5-9293-F367AC5F97F7}.Release|Win32.Build.0 = Release|Win32
		{8BCF8A32-2D46-4732-A1A0-2B18C1DEECC3}.Debug|Win32.ActiveCfg = Debug|Win32
		{8BCF8A32-2D46-4732-A1A0-2B18C1DEECC3}.Debug|Win32.Build.0 = Debug|Win32
		{8BCF8A32-2D46-4732-A1A0-2B18C1DEECC3}.Release|Win32.ActiveCfg = Release|Win32
		{8BCF8A32-2D46-4732-A1A0-2B18C1DEECC3}.Release|Win32.Build.0 = Release|Win32
		{07CE7FAA-0E85-4462-B474-E6D8A993F776}.Debug|Win32.ActiveCfg = Debug|Win32
		{07CE7FAA-0E85-4462-B474-E6D8A993F776}.Debug|Win32.Build.0 = Debug|Win32
		{07CE7FAA-0E85-4462-B474-E6D8A993F776}.Release|Win32.ActiveCfg = Release|Win32
		{07CE7FAA-0E85-4462-B474-E6D8A993F776}.Release|Win32.Build.0 = Release|Win32
	EndGlobalSection
	GlobalSection(SolutionProperties) = preSolution
		HideSolutionNode = FALSE
	EndGlobalSection
EndGlobal
