
Microsoft Visual Studio Solution File, Format Version 9.00
# Visual Studio 2005
Project("{8BC9CEB8-8B4A-11D0-8D11-00A0C91BC942}") = "idl", "idl\idl.vcproj", "{AE502F26-4B61-42E2-A727-F3926D849E3A}"
EndProject
Project("{8BC9CEB8-8B4A-11D0-8D11-00A0C91BC942}") = "common", "common\common.vcproj", "{24CA53F4-295E-48C6-90C7-D178A04EA3BE}"
	ProjectSection(ProjectDependencies) = postProject
		{AE502F26-4B61-42E2-A727-F3926D849E3A} = {AE502F26-4B61-42E2-A727-F3926D849E3A}
		{FA4DB6A7-7D22-4218-9888-8A171AC2DD2A} = {FA4DB6A7-7D22-4218-9888-8A171AC2DD2A}
		{47078BC9-0FD3-4BE4-BC30-9F8F6627FA51} = {47078BC9-0FD3-4BE4-BC30-9F8F6627FA51}
	EndProjectSection
EndProject
Project("{8BC9CEB8-8B4A-11D0-8D11-00A0C91BC942}") = "server", "server\server.vcproj", "{F397232C-6747-4230-BA3A-A6CAAF5E7CED}"
	ProjectSection(ProjectDependencies) = postProject
		{AE502F26-4B61-42E2-A727-F3926D849E3A} = {AE502F26-4B61-42E2-A727-F3926D849E3A}
		{CA2A2C4A-EA32-4022-BE0B-04A012CB44C3} = {CA2A2C4A-EA32-4022-BE0B-04A012CB44C3}
		{24CA53F4-295E-48C6-90C7-D178A04EA3BE} = {24CA53F4-295E-48C6-90C7-D178A04EA3BE}
	EndProjectSection
EndProject
Project("{8BC9CEB8-8B4A-11D0-8D11-00A0C91BC942}") = "sqlite", "sqlite\sqlite.vcproj", "{CA2A2C4A-EA32-4022-BE0B-04A012CB44C3}"
EndProject
Project("{8BC9CEB8-8B4A-11D0-8D11-00A0C91BC942}") = "cli", "cli\cli.vcproj", "{7BFE0285-ACD9-4AAF-A9FD-5CBE9F0A6968}"
	ProjectSection(ProjectDependencies) = postProject
		{24CA53F4-295E-48C6-90C7-D178A04EA3BE} = {24CA53F4-295E-48C6-90C7-D178A04EA3BE}
		{1BA38DFF-41E3-4CCD-9050-3CB893CE4B02} = {1BA38DFF-41E3-4CCD-9050-3CB893CE4B02}
	EndProjectSection
EndProject
Project("{8BC9CEB8-8B4A-11D0-8D11-00A0C91BC942}") = "clientlib", "clientlib\clientlib.vcproj", "{1BA38DFF-41E3-4CCD-9050-3CB893CE4B02}"
	ProjectSection(ProjectDependencies) = postProject
		{AE502F26-4B61-42E2-A727-F3926D849E3A} = {AE502F26-4B61-42E2-A727-F3926D849E3A}
		{24CA53F4-295E-48C6-90C7-D178A04EA3BE} = {24CA53F4-295E-48C6-90C7-D178A04EA3BE}
	EndProjectSection
EndProject
Project("{8BC9CEB8-8B4A-11D0-8D11-00A0C91BC942}") = "libunistr", "..\libunistr\libunistr.vcproj", "{47078BC9-0FD3-4BE4-BC30-9F8F6627FA51}"
EndProject
Project("{8BC9CEB8-8B4A-11D0-8D11-00A0C91BC942}") = "lwbase", "..\lwbase\lwbase.vcproj", "{132D6A06-EBCD-4BDC-8B44-94CA196D2AF0}"
EndProject
Project("{8BC9CEB8-8B4A-11D0-8D11-00A0C91BC942}") = "logging", "logging\logging.vcproj", "{FA4DB6A7-7D22-4218-9888-8A171AC2DD2A}"
EndProject
Global
	GlobalSection(SolutionConfigurationPlatforms) = preSolution
		Debug|Win32 = Debug|Win32
		Release|Win32 = Release|Win32
	EndGlobalSection
	GlobalSection(ProjectConfigurationPlatforms) = postSolution
		{AE502F26-4B61-42E2-A727-F3926D849E3A}.Debug|Win32.ActiveCfg = Debug|Win32
		{AE502F26-4B61-42E2-A727-F3926D849E3A}.Debug|Win32.Build.0 = Debug|Win32
		{AE502F26-4B61-42E2-A727-F3926D849E3A}.Release|Win32.ActiveCfg = Release|Win32
		{AE502F26-4B61-42E2-A727-F3926D849E3A}.Release|Win32.Build.0 = Release|Win32
		{24CA53F4-295E-48C6-90C7-D178A04EA3BE}.Debug|Win32.ActiveCfg = Debug|Win32
		{24CA53F4-295E-48C6-90C7-D178A04EA3BE}.Debug|Win32.Build.0 = Debug|Win32
		{24CA53F4-295E-48C6-90C7-D178A04EA3BE}.Release|Win32.ActiveCfg = Release|Win32
		{24CA53F4-295E-48C6-90C7-D178A04EA3BE}.Release|Win32.Build.0 = Release|Win32
		{F397232C-6747-4230-BA3A-A6CAAF5E7CED}.Debug|Win32.ActiveCfg = Debug|Win32
		{F397232C-6747-4230-BA3A-A6CAAF5E7CED}.Debug|Win32.Build.0 = Debug|Win32
		{F397232C-6747-4230-BA3A-A6CAAF5E7CED}.Release|Win32.ActiveCfg = Release|Win32
		{F397232C-6747-4230-BA3A-A6CAAF5E7CED}.Release|Win32.Build.0 = Release|Win32
		{CA2A2C4A-EA32-4022-BE0B-04A012CB44C3}.Debug|Win32.ActiveCfg = Debug|Win32
		{CA2A2C4A-EA32-4022-BE0B-04A012CB44C3}.Debug|Win32.Build.0 = Debug|Win32
		{CA2A2C4A-EA32-4022-BE0B-04A012CB44C3}.Release|Win32.ActiveCfg = Release|Win32
		{CA2A2C4A-EA32-4022-BE0B-04A012CB44C3}.Release|Win32.Build.0 = Release|Win32
		{7BFE0285-ACD9-4AAF-A9FD-5CBE9F0A6968}.Debug|Win32.ActiveCfg = Debug|Win32
		{7BFE0285-ACD9-4AAF-A9FD-5CBE9F0A6968}.Debug|Win32.Build.0 = Debug|Win32
		{7BFE0285-ACD9-4AAF-A9FD-5CBE9F0A6968}.Release|Win32.ActiveCfg = Release|Win32
		{7BFE0285-ACD9-4AAF-A9FD-5CBE9F0A6968}.Release|Win32.Build.0 = Release|Win32
		{1BA38DFF-41E3-4CCD-9050-3CB893CE4B02}.Debug|Win32.ActiveCfg = Debug|Win32
		{1BA38DFF-41E3-4CCD-9050-3CB893CE4B02}.Debug|Win32.Build.0 = Debug|Win32
		{1BA38DFF-41E3-4CCD-9050-3CB893CE4B02}.Release|Win32.ActiveCfg = Release|Win32
		{1BA38DFF-41E3-4CCD-9050-3CB893CE4B02}.Release|Win32.Build.0 = Release|Win32
		{47078BC9-0FD3-4BE4-BC30-9F8F6627FA51}.Debug|Win32.ActiveCfg = Debug|Win32
		{47078BC9-0FD3-4BE4-BC30-9F8F6627FA51}.Debug|Win32.Build.0 = Debug|Win32
		{47078BC9-0FD3-4BE4-BC30-9F8F6627FA51}.Release|Win32.ActiveCfg = Release|Win32
		{47078BC9-0FD3-4BE4-BC30-9F8F6627FA51}.Release|Win32.Build.0 = Release|Win32
		{132D6A06-EBCD-4BDC-8B44-94CA196D2AF0}.Debug|Win32.ActiveCfg = Debug|Win32
		{132D6A06-EBCD-4BDC-8B44-94CA196D2AF0}.Debug|Win32.Build.0 = Debug|Win32
		{132D6A06-EBCD-4BDC-8B44-94CA196D2AF0}.Release|Win32.ActiveCfg = Release|Win32
		{132D6A06-EBCD-4BDC-8B44-94CA196D2AF0}.Release|Win32.Build.0 = Release|Win32
		{FA4DB6A7-7D22-4218-9888-8A171AC2DD2A}.Debug|Win32.ActiveCfg = Debug|Win32
		{FA4DB6A7-7D22-4218-9888-8A171AC2DD2A}.Debug|Win32.Build.0 = Debug|Win32
		{FA4DB6A7-7D22-4218-9888-8A171AC2DD2A}.Release|Win32.ActiveCfg = Release|Win32
		{FA4DB6A7-7D22-4218-9888-8A171AC2DD2A}.Release|Win32.Build.0 = Release|Win32
	EndGlobalSection
	GlobalSection(SolutionProperties) = preSolution
		HideSolutionNode = FALSE
	EndGlobalSection
EndGlobal
